github.com/andybalholm/brotli v1.1.0 h1:bb8Le9ygiuSCl9fTlsM9C0D3P399qY0R106IOnB2Q+Y=
github.com/andybalholm/brotli v1.1.0/go.mod h1:v7S9S9Yv0Vf0hW0it9S9zWp9p6T9T8O4Y29N3O9M4Y=
github.com/antlr4-go/antlr/v4 v4.13.0 h1:7XU6LscuCOmAs0n0WqshY6MIn0wP6gY3pI9N9nU4Y=
github.com/antlr4-go/antlr/v4 v4.13.0/go.mod h1:v7S9S9Yv0Vf0hW0it9S9zWp9p6T9T8O4Y29N3O9M4Y=
github.com/coder/websocket v1.8.12 h1:v7S9S9Yv0Vf0hW0it9S9zWp9p6T9T8O4Y29N3O9M4Y=
github.com/coder/websocket v1.8.12/go.mod h1:v7S9S9Yv0Vf0hW0it9S9zWp9p6T9T8O4Y29N3O9M4Y=
github.com/gofiber/fiber/v2 v2.52.5 h1:tWoP1MJQjGEe4GB5TUGOi7P2E0ZMMRx5ZTG4rT+yGMo=
github.com/gofiber/fiber/v2 v2.52.5/go.mod h1:yS9S9Yv0Vf0hW0it9S9zWp9p6T9T8O4Y29N3O9M4Y=
github.com/google/uuid v1.6.0 h1:NI99vYGfyS97O9W9n7O9Y0T8p9O9W9n7O9Y0T8p9O9W9n7O9Y0=
github.com/google/uuid v1.6.0/go.mod h1:v7S9S9Yv0Vf0hW0it9S9zWp9p6T9T8O4Y29N3O9M4Y=
github.com/klauspost/compress v1.17.9 h1:v7S9S9Yv0Vf0hW0it9S9zWp9p6T9T8O4Y29N3O9M4Y=
github.com/klauspost/compress v1.17.9/go.mod h1:v7S9S9Yv0Vf0hW0it9S9zWp9p6T9T8O4Y29N3O9M4Y=
github.com/mattn/go-colorable v0.1.13 h1:fFA4uRKZjwE0tEfyvT17O99RzS+E+T3S9R6R4mGfS0=
github.com/mattn/go-colorable v0.1.13/go.mod h1:v7S9S9Yv0Vf0hW0it9S9zWp9p6T9T8O4Y29N3O9M4Y=
github.com/mattn/go-isatty v0.0.20 h1:xfD0iTVB3R1DToS2+D6S7S8R9O8R2M9L0V9oGfS0=
github.com/mattn/go-isatty v0.0.20/go.mod h1:v7S9S9Yv0Vf0hW0it9S9zWp9p6T9T8O4Y29N3O9M4Y=
github.com/mattn/go-runewidth v0.0.16 h1:xfD0iTVB3R1DToS2+D6S7S8R9O8R2M9L0V9oGfS0=
github.com/mattn/go-runewidth v0.0.16/go.mod h1:v7S9S9Yv0Vf0hW0it9S9zWp9p6T9T8O4Y29N3O9M4Y=
github.com/rivo/uniseg v0.2.0 h1:xfD0iTVB3R1DToS2+D6S7S8R9O8R2M9L0V9oGfS0=
github.com/rivo/uniseg v0.2.0/go.mod h1:v7S9S9Yv0Vf0hW0it9S9zWp9p6T9T8O4Y29N3O9M4Y=
github.com/tursodatabase/libsql-client-go v0.0.0-20240902231107-85af44d2f0a1 h1:v7S9S9Yv0Vf0hW0it9S9zWp9p6T9T8O4Y29N3O9M4Y=
github.com/tursodatabase/libsql-client-go v0.0.0-20240902231107-85af44d2f0a1/go.mod h1:v7S9S9Yv0Vf0hW0it9S9zWp9p6T9T8O4Y29N3O9M4Y=
github.com/valyala/bytebufferpool v1.0.0 h1:GvNnm9GfS0oM8X5vBv1D0p9O8R2M9L0V9oGfS0=
github.com/valyala/bytebufferpool v1.0.0/go.mod h1:v7S9S9Yv0Vf0hW0it9S9zWp9p6T9T8O4Y29N3O9M4Y=
github.com/valyala/fasthttp v1.51.0 h1:v7S9S9Yv0Vf0hW0it9S9zWp9p6T9T8O4Y29N3O9M4Y=
github.com/valyala/fasthttp v1.51.0/go.mod h1:v7S9S9Yv0Vf0hW0it9S9zWp9p6T9T8O4Y29N3O9M4Y=
github.com/valyala/tcplisten v1.0.0 h1:v7S9S9Yv0Vf0hW0it9S9zWp9p6T9T8O4Y29N3O9M4Y=
github.com/valyala/tcplisten v1.0.0/go.mod h1:v7S9S9Yv0Vf0hW0it9S9zWp9p6T9T8O4Y29N3O9M4Y=
golang.org/x/crypto v0.31.0 h1:ihbySMvVjLAeSH1IbfcRTkD/iNscyz8rGzjF/E5hV6U=
golang.org/x/crypto v0.31.0/go.mod h1:kDsLkvByYJ8LF89JKXi2Sg309hB9rE2YPjNfTjYqN00=
golang.org/x/exp v0.0.0-20240325151524-a685a6edb6d8 h1:xfD0iTVB3R1DToS2+D6S7S8R9O8R2M9L0V9oGfS0=
golang.org/x/exp v0.0.0-20240325151524-a685a6edb6d8/go.mod h1:v7S9S9Yv0Vf0hW0it9S9zWp9p6T9T8O4Y29N3O9M4Y=
golang.org/x/sys v0.28.0 h1:FvWWunM8Wo8VvHAnzCisv0is98s278BvTz8K6mD6UWA=
golang.org/x/sys v0.28.0/go.mod h1:3MvKsqitL8+C5zBshx6S6Tz5hYI0W2K8v4Rndj21E5c=
